<?xml version="1.0" encoding="UTF-8" standalone="yes" ?>
<CodeBlocks_project_file>
	<FileVersion major="1" minor="6" />
	<Project>
		<Option title="ep1-rodrigo_magaldi" />
		<Option pch_mode="2" />
		<Option compiler="gcc" />
		<Build>
			<Target title="Debug">
				<Option output="bin/Debug/ep1-rodrigo_magaldi" prefix_auto="1" extension_auto="1" />
				<Option object_output="obj/Debug/" />
				<Option type="1" />
				<Option compiler="gcc" />
				<Compiler>
					<Add option="-std=c++11" />
					<Add option="-g" />
				</Compiler>
			</Target>
			<Target title="Release">
				<Option output="bin/Release/ep1-rodrigo_magaldi" prefix_auto="1" extension_auto="1" />
				<Option object_output="obj/Release/" />
				<Option type="1" />
				<Option compiler="gcc" />
				<Compiler>
					<Add option="-O2" />
				</Compiler>
				<Linker>
					<Add option="-s" />
				</Linker>
			</Target>
		</Build>
		<Compiler>
			<Add option="-Wall" />
			<Add option="-fexceptions" />
		</Compiler>
		<Unit filename="Matrix.cpp" />
		<Unit filename="Matrix.h" />
		<Unit filename="MatrixEx1a.cpp" />
		<Unit filename="MatrixEx1a.h" />
		<Unit filename="MatrixEx1b.cpp" />
		<Unit filename="MatrixEx1b.h" />
		<Unit filename="MatrixaEx1c.cpp" />
		<Unit filename="MatrixaEx1c.h" />
		<Unit filename="MatrixaEx1d.cpp" />
		<Unit filename="MatrixaEx1d.h" />
		<Unit filename="MatrixbEx1a.cpp" />
		<Unit filename="MatrixbEx1a.h" />
		<Unit filename="MatrixbEx1b.cpp" />
		<Unit filename="MatrixbEx1b.h" />
		<Unit filename="MatrixhEx1c.cpp" />
		<Unit filename="MatrixhEx1c.h" />
		<Unit filename="MatrixhEx1d.cpp" />
		<Unit filename="MatrixhEx1d.h" />
		<Unit filename="MatrixwEx1c.cpp" />
		<Unit filename="MatrixwEx1c.h" />
		<Unit filename="MatrixwEx1d.cpp" />
		<Unit filename="MatrixwEx1d.h" />
		<Unit filename="MatrixxEx1a.cpp" />
		<Unit filename="MatrixxEx1a.h" />
		<Unit filename="MatrixxEx1b.cpp" />
		<Unit filename="MatrixxEx1b.h" />
		<Unit filename="main.cpp" />
		<Extensions>
			<code_completion />
			<envvars />
			<debugger />
			<lib_finder disable_auto="1" />
		</Extensions>
	</Project>
</CodeBlocks_project_file>
